
Microsoft Visual Studio Solution File, Format Version 12.00
# Visual Studio Version 16
VisualStudioVersion = 16.0.31729.503
MinimumVisualStudioVersion = 10.0.40219.1
Project("{FAE04EC0-301F-11D3-BF4B-00C04F79EFBC}") = "RRapi", "RRapi\RRapi.csproj", "{58EB8BE3-7E95-422A-BF80-A110B8DB32E5}"
EndProject
Global
	GlobalSection(SolutionConfigurationPlatforms) = preSolution
		Debug|Any CPU = Debug|Any CPU
		Release|Any CPU = Release|Any CPU
	EndGlobalSection
	GlobalSection(ProjectConfigurationPlatforms) = postSolution
		{58EB8BE3-7E95-422A-BF80-A110B8DB32E5}.Debug|Any CPU.ActiveCfg = Debug|Any CPU
		{58EB8BE3-7E95-422A-BF80-A110B8DB32E5}.Debug|Any CPU.Build.0 = Debug|Any CPU
		{58EB8BE3-7E95-422A-BF80-A110B8DB32E5}.Release|Any CPU.ActiveCfg = Release|Any CPU
		{58EB8BE3-7E95-422A-BF80-A110B8DB32E5}.Release|Any CPU.Build.0 = Release|Any CPU
	EndGlobalSection
	GlobalSection(SolutionProperties) = preSolution
		HideSolutionNode = FALSE
	EndGlobalSection
	GlobalSection(ExtensibilityGlobals) = postSolution
		SolutionGuid = {D5741C95-9964-4169-AEB8-7EF362384A23}
	EndGlobalSection
EndGlobal
